// !$*UTF8*$!
{
	archiveVersion = 1;
	classes = {
	};
	objectVersion = 50;
	objects = {

/* Begin PBXBuildFile section */
		C7AF1A89252FFFB40093A08F /* AppDelegate.m in Sources */ = {isa = PBXBuildFile; fileRef = C7AF1A88252FFFB40093A08F /* AppDelegate.m */; };
		C7AF1A8C252FFFB40093A08F /* SceneDelegate.m in Sources */ = {isa = PBXBuildFile; fileRef = C7AF1A8B252FFFB40093A08F /* SceneDelegate.m */; };
		C7AF1A8F252FFFB40093A08F /* ViewController.m in Sources */ = {isa = PBXBuildFile; fileRef = C7AF1A8E252FFFB40093A08F /* ViewController.m */; };
		C7AF1A92252FFFB40093A08F /* Main.storyboard in Resources */ = {isa = PBXBuildFile; fileRef = C7AF1A90252FFFB40093A08F /* Main.storyboard */; };
		C7AF1A94252FFFB60093A08F /* Assets.xcassets in Resources */ = {isa = PBXBuildFile; fileRef = C7AF1A93252FFFB60093A08F /* Assets.xcassets */; };
		C7AF1A97252FFFB60093A08F /* LaunchScreen.storyboard in Resources */ = {isa = PBXBuildFile; fileRef = C7AF1A95252FFFB60093A08F /* LaunchScreen.storyboard */; };
		C7AF1A9A252FFFB60093A08F /* main.m in Sources */ = {isa = PBXBuildFile; fileRef = C7AF1A99252FFFB60093A08F /* main.m */; };
/* End PBXBuildFile section */

/* Begin PBXFileReference section */
		C7AF1A84252FFFB40093A08F /* GitTest.app */ = {isa = PBXFileReference; explicitFileType = wrapper.application; includeInIndex = 0; path = GitTest.app; sourceTree = BUILT_PRODUCTS_DIR; };
		C7AF1A87252FFFB40093A08F /* AppDelegate.h */ = {isa = PBXFileReference; lastKnownFileType = sourcecode.c.h; path = AppDelegate.h; sourceTree = "<group>"; };
		C7AF1A88252FFFB40093A08F /* AppDelegate.m */ = {isa = PBXFileReference; lastKnownFileType = sourcecode.c.objc; path = AppDelegate.m; sourceTree = "<group>"; };
		C7AF1A8A252FFFB40093A08F /* SceneDelegate.h */ = {isa = PBXFileReference; lastKnownFileType = sourcecode.c.h; path = SceneDelegate.h; sourceTree = "<group>"; };
		C7AF1A8B252FFFB40093A08F /* SceneDelegate.m */ = {isa = PBXFileReference; lastKnownFileType = sourcecode.c.objc; path = SceneDelegate.m; sourceTree = "<group>"; };
		C7AF1A8D252FFFB40093A08F /* ViewController.h */ = {isa = PBXFileReference; lastKnownFileType = sourcecode.c.h; path = ViewController.h; sourceTree = "<group>"; };
		C7AF1A8E252FFFB40093A08F /* ViewController.m */ = {isa = PBXFileReference; lastKnownFileType = sourcecode.c.objc; path = ViewController.m; sourceTree = "<group>"; };
		C7AF1A91252FFFB40093A08F /* Base */ = {isa = PBXFileReference; lastKnownFileType = file.storyboard; name = Base; path = Base.lproj/Main.storyboard; sourceTree = "<group>"; };
		C7AF1A93252FFFB60093A08F /* Assets.xcassets */ = {isa = PBXFileReference; lastKnownFileType = folder.assetcatalog; path = Assets.xcassets; sourceTree = "<group>"; };
		C7AF1A96252FFFB60093A08F /* Base */ = {isa = PBXFileReference; lastKnownFileType = file.storyboard; name = Base; path = Base.lproj/LaunchScreen.storyboard; sourceTree = "<group>"; };
		C7AF1A98252FFFB60093A08F /* Info.plist */ = {isa = PBXFileReference; lastKnownFileType = text.plist.xml; path = Info.plist; sourceTree = "<group>"; };
		C7AF1A99252FFFB60093A08F /* main.m */ = {isa = PBXFileReference; lastKnownFileType = sourcecode.c.objc; path = main.m; sourceTree = "<group>"; };
/* End PBXFileReference section */

/* Begin PBXFrameworksBuildPhase section */
		C7AF1A81252FFFB40093A08F /* Frameworks */ = {
			isa = PBXFrameworksBuildPhase;
			buildActionMask = 2147483647;
			files = (
			);
			runOnlyForDeploymentPostprocessing = 0;
		};
/* End PBXFrameworksBuildPhase section */

/* Begin PBXGroup section */
		C7AF1A7B252FFFB40093A08F = {
			isa = PBXGroup;
			children = (
				C7AF1A86252FFFB40093A08F /* GitTest */,
				C7AF1A85252FFFB40093A08F /* Products */,
			);
			sourceTree = "<group>";
		};
		C7AF1A85252FFFB40093A08F /* Products */ = {
			isa = PBXGroup;
			children = (
				C7AF1A84252FFFB40093A08F /* GitTest.app */,
			);
			name = Products;
			sourceTree = "<group>";
		};
		C7AF1A86252FFFB40093A08F /* GitTest */ = {
			isa = PBXGroup;
			children = (
				C7AF1A87252FFFB40093A08F /* AppDelegate.h */,
				C7AF1A88252FFFB40093A08F /* AppDelegate.m */,
				C7AF1A8A252FFFB40093A08F /* SceneDelegate.h */,
				C7AF1A8B252FFFB40093A08F /* SceneDelegate.m */,
				C7AF1A8D252FFFB40093A08F /* ViewController.h */,
				C7AF1A8E252FFFB40093A08F /* ViewController.m */,
				C7AF1A90252FFFB40093A08F /* Main.storyboard */,
				C7AF1A93252FFFB60093A08F /* Assets.xcassets */,
				C7AF1A95252FFFB60093A08F /* LaunchScreen.storyboard */,
				C7AF1A98252FFFB60093A08F /* Info.plist */,
				C7AF1A99252FFFB60093A08F /* main.m */,
			);
			path = GitTest;
			sourceTree = "<group>";
		};
/* End PBXGroup section */

/* Begin PBXNativeTarget section */
		C7AF1A83252FFFB40093A08F /* GitTest */ = {
			isa = PBXNativeTarget;
			buildConfigurationList = C7AF1A9D252FFFB60093A08F /* Build configuration list for PBXNativeTarget "GitTest" */;
			buildPhases = (
				C7AF1A80252FFFB40093A08F /* Sources */,
				C7AF1A81252FFFB40093A08F /* Frameworks */,
				C7AF1A82252FFFB40093A08F /* Resources */,
			);
			buildRules = (
			);
			dependencies = (
			);
			name = GitTest;
			productName = GitTest;
			productReference = C7AF1A84252FFFB40093A08F /* GitTest.app */;
			productType = "com.apple.product-type.application";
		};
/* End PBXNativeTarget section */

/* Begin PBXProject section */
		C7AF1A7C252FFFB40093A08F /* Project object */ = {
			isa = PBXProject;
			attributes = {
				LastUpgradeCheck = 1170;
				ORGANIZATIONNAME = Developer;
				TargetAttributes = {
					C7AF1A83252FFFB40093A08F = {
						CreatedOnToolsVersion = 11.7;
					};
				};
			};
			buildConfigurationList = C7AF1A7F252FFFB40093A08F /* Build configuration list for PBXProject "GitTest" */;
			compatibilityVersion = "Xcode 9.3";
			developmentRegion = en;
			hasScannedForEncodings = 0;
			knownRegions = (
				en,
				Base,
			);
			mainGroup = C7AF1A7B252FFFB40093A08F;
			productRefGroup = C7AF1A85252FFFB40093A08F /* Products */;
			projectDirPath = "";
			projectRoot = "";
			targets = (
				C7AF1A83252FFFB40093A08F /* GitTest */,
			);
		};
/* End PBXProject section */

/* Begin PBXResourcesBuildPhase section */
		C7AF1A82252FFFB40093A08F /* Resources */ = {
			isa = PBXResourcesBuildPhase;
			buildActionMask = 2147483647;
			files = (
				C7AF1A97252FFFB60093A08F /* LaunchScreen.storyboard in Resources */,
				C7AF1A94252FFFB60093A08F /* Assets.xcassets in Resources */,
				C7AF1A92252FFFB40093A08F /* Main.storyboard in Resources */,
			);
			runOnlyForDeploymentPostprocessing = 0;
		};
/* End PBXResourcesBuildPhase section */

/* Begin PBXSourcesBuildPhase section */
		C7AF1A80252FFFB40093A08F /* Sources */ = {
			isa = PBXSourcesBuildPhase;
			buildActionMask = 2147483647;
			files = (
				C7AF1A8F252FFFB40093A08F /* ViewController.m in Sources */,
				C7AF1A89252FFFB40093A08F /* AppDelegate.m in Sources */,
				C7AF1A9A252FFFB60093A08F /* main.m in Sources */,
				C7AF1A8C252FFFB40093A08F /* SceneDelegate.m in Sources */,
			);
			runOnlyForDeploymentPostprocessing = 0;
		};
/* End PBXSourcesBuildPhase section */

/* Begin PBXVariantGroup section */
		C7AF1A90252FFFB40093A08F /* Main.storyboard */ = {
			isa = PBXVariantGroup;
			children = (
				C7AF1A91252FFFB40093A08F /* Base */,
			);
			name = Main.storyboard;
			sourceTree = "<group>";
		};
		C7AF1A95252FFFB60093A08F /* LaunchScreen.storyboard */ = {
			isa = PBXVariantGroup;
			children = (
				C7AF1A96252FFFB60093A08F /* Base */,
			);
			name = LaunchScreen.storyboard;
			sourceTree = "<group>";
		};
/* End PBXVariantGroup section */

/* Begin XCBuildConfiguration section */
		C7AF1A9B252FFFB60093A08F /* Debug */ = {
			isa = XCBuildConfiguration;
			buildSettings = {
				ALWAYS_SEARCH_USER_PATHS = NO;
				CLANG_ANALYZER_NONNULL = YES;
				CLANG_ANALYZER_NUMBER_OBJECT_CONVERSION = YES_AGGRESSIVE;
				CLANG_CXX_LANGUAGE_STANDARD = "gnu++14";
				CLANG_CXX_LIBRARY = "libc++";
				CLANG_ENABLE_MODULES = YES;
				CLANG_ENABLE_OBJC_ARC = YES;
				CLANG_ENABLE_OBJC_WEAK = YES;
				CLANG_WARN_BLOCK_CAPTURE_AUTORELEASING = YES;
				CLANG_WARN_BOOL_CONVERSION = YES;
				CLANG_WARN_COMMA = YES;
				CLANG_WARN_CONSTANT_CONVERSION = YES;
				CLANG_WARN_DEPRECATED_OBJC_IMPLEMENTATIONS = YES;
				CLANG_WARN_DIRECT_OBJC_ISA_USAGE = YES_ERROR;
				CLANG_WARN_DOCUMENTATION_COMMENTS = YES;
				CLANG_WARN_EMPTY_BODY = YES;
				CLANG_WARN_ENUM_CONVERSION = YES;
				CLANG_WARN_INFINITE_RECURSION = YES;
				CLANG_WARN_INT_CONVERSION = YES;
				CLANG_WARN_NON_LITERAL_NULL_CONVERSION = YES;
				CLANG_WARN_OBJC_IMPLICIT_RETAIN_SELF = YES;
				CLANG_WARN_OBJC_LITERAL_CONVERSION = YES;
				CLANG_WARN_OBJC_ROOT_CLASS = YES_ERROR;
				CLANG_WARN_RANGE_LOOP_ANALYSIS = YES;
				CLANG_WARN_STRICT_PROTOTYPES = YES;
				CLANG_WARN_SUSPICIOUS_MOVE = YES;
				CLANG_WARN_UNGUARDED_AVAILABILITY = YES_AGGRESSIVE;
				CLANG_WARN_UNREACHABLE_CODE = YES;
				CLANG_WARN__DUPLICATE_METHOD_MATCH = YES;
				COPY_PHASE_STRIP = NO;
				DEBUG_INFORMATION_FORMAT = dwarf;
				ENABLE_STRICT_OBJC_MSGSEND = YES;
				ENABLE_TESTABILITY = YES;
				GCC_C_LANGUAGE_STANDARD = gnu11;
				GCC_DYNAMIC_NO_PIC = NO;
				GCC_NO_COMMON_BLOCKS = YES;
				GCC_OPTIMIZATION_LEVEL = 0;
				GCC_PREPROCESSOR_DEFINITIONS = (
					"DEBUG=1",
					"$(inherited)",
				);
				GCC_WARN_64_TO_32_BIT_CONVERSION = YES;
				GCC_WARN_ABOUT_RETURN_TYPE = YES_ERROR;
				GCC_WARN_UNDECLARED_SELECTOR = YES;
				GCC_WARN_UNINITIALIZED_AUTOS = YES_AGGRESSIVE;
				GCC_WARN_UNUSED_FUNCTION = YES;
				GCC_WARN_UNUSED_VARIABLE = YES;
				IPHONEOS_DEPLOYMENT_TARGET = 13.7;
				MTL_ENABLE_DEBUG_INFO = INCLUDE_SOURCE;
				MTL_FAST_MATH = YES;
				ONLY_ACTIVE_ARCH = YES;
				SDKROOT = iphoneos;
			};
			name = Debug;
		};
		C7AF1A9C252FFFB60093A08F /* Release */ = {
			isa = XCBuildConfiguration;
			buildSettings = {
				ALWAYS_SEARCH_USER_PATHS = NO;
				CLANG_ANALYZER_NONNULL = YES;
				CLANG_ANALYZER_NUMBER_OBJECT_CONVERSION = YES_AGGRESSIVE;
				CLANG_CXX_LANGUAGE_STANDARD = "gnu++14";
				CLANG_CXX_LIBRARY = "libc++";
				CLANG_ENABLE_MODULES = YES;
				CLANG_ENABLE_OBJC_ARC = YES;
				CLANG_ENABLE_OBJC_WEAK = YES;
				CLANG_WARN_BLOCK_CAPTURE_AUTORELEASING = YES;
				CLANG_WARN_BOOL_CONVERSION = YES;
				CLANG_WARN_COMMA = YES;
				CLANG_WARN_CONSTANT_CONVERSION = YES;
				CLANG_WARN_DEPRECATED_OBJC_IMPLEMENTATIONS = YES;
				CLANG_WARN_DIRECT_OBJC_ISA_USAGE = YES_ERROR;
				CLANG_WARN_DOCUMENTATION_COMMENTS = YES;
				CLANG_WARN_EMPTY_BODY = YES;
				CLANG_WARN_ENUM_CONVERSION = YES;
				CLANG_WARN_INFINITE_RECURSION = YES;
				CLANG_WARN_INT_CONVERSION = YES;
				CLANG_WARN_NON_LITERAL_NULL_CONVERSION = YES;
				CLANG_WARN_OBJC_IMPLICIT_RETAIN_SELF = YES;
				CLANG_WARN_OBJC_LITERAL_CONVERSION = YES;
				CLANG_WARN_OBJC_ROOT_CLASS = YES_ERROR;
				CLANG_WARN_RANGE_LOOP_ANALYSIS = YES;
				CLANG_WARN_STRICT_PROTOTYPES = YES;
				CLANG_WARN_SUSPICIOUS_MOVE = YES;
				CLANG_WARN_UNGUARDED_AVAILABILITY = YES_AGGRESSIVE;
				CLANG_WARN_UNREACHABLE_CODE = YES;
				CLANG_WARN__DUPLICATE_METHOD_MATCH = YES;
				COPY_PHASE_STRIP = NO;
				DEBUG_INFORMATION_FORMAT = "dwarf-with-dsym";
				ENABLE_NS_ASSERTIONS = NO;
				ENABLE_STRICT_OBJC_MSGSEND = YES;
				GCC_C_LANGUAGE_STANDARD = gnu11;
				GCC_NO_COMMON_BLOCKS = YES;
				GCC_WARN_64_TO_32_BIT_CONVERSION = YES;
				GCC_WARN_ABOUT_RETURN_TYPE = YES_ERROR;
				GCC_WARN_UNDECLARED_SELECTOR = YES;
				GCC_WARN_UNINITIALIZED_AUTOS = YES_AGGRESSIVE;
				GCC_WARN_UNUSED_FUNCTION = YES;
				GCC_WARN_UNUSED_VARIABLE = YES;
				IPHONEOS_DEPLOYMENT_TARGET = 13.7;
				MTL_ENABLE_DEBUG_INFO = NO;
				MTL_FAST_MATH = YES;
				SDKROOT = iphoneos;
				VALIDATE_PRODUCT = YES;
			};
			name = Release;
		};
		C7AF1A9E252FFFB60093A08F /* Debug */ = {
			isa = XCBuildConfiguration;
			buildSettings = {
				ASSETCATALOG_COMPILER_APPICON_NAME = AppIcon;
				CODE_SIGN_STYLE = Automatic;
				DEVELOPMENT_TEAM = 535538Y5C9;
				INFOPLIST_FILE = GitTest/Info.plist;
				LD_RUNPATH_SEARCH_PATHS = (
					"$(inherited)",
					"@executable_path/Frameworks",
				);
				PRODUCT_BUNDLE_IDENTIFIER = com.Developer.GitTest;
				PRODUCT_NAME = "$(TARGET_NAME)";
				TARGETED_DEVICE_FAMILY = "1,2";
			};
			name = Debug;
		};
		C7AF1A9F252FFFB60093A08F /* Release */ = {
			isa = XCBuildConfiguration;
			buildSettings = {
				ASSETCATALOG_COMPILER_APPICON_NAME = AppIcon;
				CODE_SIGN_STYLE = Automatic;
				DEVELOPMENT_TEAM = 535538Y5C9;
				INFOPLIST_FILE = GitTest/Info.plist;
				LD_RUNPATH_SEARCH_PATHS = (
					"$(inherited)",
					"@executable_path/Frameworks",
				);
				PRODUCT_BUNDLE_IDENTIFIER = com.Developer.GitTest;
				PRODUCT_NAME = "$(TARGET_NAME)";
				TARGETED_DEVICE_FAMILY = "1,2";
			};
			name = Release;
		};
/* End XCBuildConfiguration section */

/* Begin XCConfigurationList section */
		C7AF1A7F252FFFB40093A08F /* Build configuration list for PBXProject "GitTest" */ = {
			isa = XCConfigurationList;
			buildConfigurations = (
				C7AF1A9B252FFFB60093A08F /* Debug */,
				C7AF1A9C252FFFB60093A08F /* Release */,
			);
			defaultConfigurationIsVisible = 0;
			defaultConfigurationName = Release;
		};
		C7AF1A9D252FFFB60093A08F /* Build configuration list for PBXNativeTarget "GitTest" */ = {
			isa = XCConfigurationList;
			buildConfigurations = (
				C7AF1A9E252FFFB60093A08F /* Debug */,
				C7AF1A9F252FFFB60093A08F /* Release */,
			);
			defaultConfigurationIsVisible = 0;
			defaultConfigurationName = Release;
		};
/* End XCConfigurationList section */
	};
	rootObject = C7AF1A7C252FFFB40093A08F /* Project object */;
}
